{
  "name": "covertown",
  "version": "0.1.0",
  "lockfileVersion": 3,
  "requires": true,
  "packages": {
    "": {
      "name": "covertown",
      "version": "0.1.0",
      "license": "MIT",
      "bin": {
        "covertown": "bin/covertown.js"
      },
      "engines": {
        "node": ">=18"
      }
    }
  }
}
